<?xml version="1.0" encoding="utf-8"?>
<Project ToolsVersion="4.0" xmlns="http://schemas.microsoft.com/developer/msbuild/2003">
  <ItemGroup>
    <Filter Include="Исходные файлы">
      <UniqueIdentifier>{4FC737F1-C7A5-4376-A066-2A32D752A2FF}</UniqueIdentifier>
      <Extensions>cpp;c;cc;cxx;c++;cppm;ixx;def;odl;idl;hpj;bat;asm;asmx</Extensions>
    </Filter>
    <Filter Include="Файлы заголовков">
      <UniqueIdentifier>{93995380-89BD-4b04-88EB-625FBE52EBFB}</UniqueIdentifier>
      <Extensions>h;hh;hpp;hxx;h++;hm;inl;inc;ipp;xsd</Extensions>
    </Filter>
    <Filter Include="Файлы ресурсов">
      <UniqueIdentifier>{67DA6AB6-F800-4c08-8B7A-83BB121AAD01}</UniqueIdentifier>
      <Extensions>rc;ico;cur;bmp;dlg;rc2;rct;bin;rgs;gif;jpg;jpeg;jpe;resx;tiff;tif;png;wav;mfcribbon-ms</Extensions>
    </Filter>
  </ItemGroup>
  <ItemGroup>
    <ClCompile Include="lab4.cpp">
      <Filter>Исходные файлы</Filter>
    </ClCompile>
    <ClCompile Include="CHendler.cpp">
      <Filter>Исходные файлы</Filter>
    </ClCompile>
    <ClCompile Include="CTriangle.cpp">
      <Filter>Исходные файлы</Filter>
    </ClCompile>
    <ClCompile Include="CCircle.cpp">
      <Filter>Исходные файлы</Filter>
    </ClCompile>
    <ClCompile Include="CRectangle.cpp">
      <Filter>Исходные файлы</Filter>
    </ClCompile>
    <ClCompile Include="CShapeDecorator.cpp">
      <Filter>Исходные файлы</Filter>
    </ClCompile>
    <ClCompile Include="CircleCreator.cpp">
      <Filter>Файлы ресурсов</Filter>
    </ClCompile>
    <ClCompile Include="CShapeCreator.cpp">
      <Filter>Файлы ресурсов</Filter>
    </ClCompile>
    <ClCompile Include="RectangleCreator.cpp">
      <Filter>Файлы ресурсов</Filter>
    </ClCompile>
    <ClCompile Include="TriangleCreator.cpp">
      <Filter>Файлы ресурсов</Filter>
    </ClCompile>
    <ClCompile Include="CShapeComposite.cpp">
      <Filter>Файлы ресурсов</Filter>
    </ClCompile>
    <ClCompile Include="CSingleShapeDecorator.cpp">
      <Filter>Исходные файлы</Filter>
    </ClCompile>
    <ClCompile Include="CButton.cpp">
      <Filter>Исходные файлы</Filter>
    </ClCompile>
    <ClCompile Include="CCreateCircleCommand.cpp">
      <Filter>Исходные файлы</Filter>
    </ClCompile>
    <ClCompile Include="CUserInterface.cpp">
      <Filter>Исходные файлы</Filter>
    </ClCompile>
    <ClCompile Include="CShapeHendler.cpp">
      <Filter>Исходные файлы</Filter>
    </ClCompile>
    <ClCompile Include="CCreateRectangleCommand.cpp">
      <Filter>Исходные файлы</Filter>
    </ClCompile>
    <ClCompile Include="CCreateTriangleCommand.cpp">
      <Filter>Исходные файлы</Filter>
    </ClCompile>
    <ClCompile Include="CDragAndDropCommand.cpp">
      <Filter>Исходные файлы</Filter>
    </ClCompile>
    <ClCompile Include="CDragAndDropState.cpp">
      <Filter>Исходные файлы</Filter>
    </ClCompile>
    <ClCompile Include="CFillBorderCommand.cpp">
      <Filter>Исходные файлы</Filter>
    </ClCompile>
    <ClCompile Include="CFillBorderState.cpp">
      <Filter>Исходные файлы</Filter>
    </ClCompile>
    <ClCompile Include="CFillShapeCommand.cpp">
      <Filter>Исходные файлы</Filter>
    </ClCompile>
    <ClCompile Include="CFillShapeState.cpp">
      <Filter>Исходные файлы</Filter>
    </ClCompile>
    <ClCompile Include="CSetCurrentColorCommand.cpp">
      <Filter>Исходные файлы</Filter>
    </ClCompile>
    <ClCompile Include="CSetCurrentWidthCommand.cpp">
      <Filter>Исходные файлы</Filter>
    </ClCompile>
    <ClCompile Include="CWidthBorderCommand.cpp">
      <Filter>Исходные файлы</Filter>
    </ClCompile>
    <ClCompile Include="CWidthBorderState.cpp">
      <Filter>Исходные файлы</Filter>
    </ClCompile>
    <ClCompile Include="CFillBorderVisitor.cpp">
      <Filter>Исходные файлы</Filter>
    </ClCompile>
    <ClCompile Include="CFillShapeVisitor.cpp">
      <Filter>Исходные файлы</Filter>
    </ClCompile>
    <ClCompile Include="CWidthBorderVisitor.cpp">
      <Filter>Исходные файлы</Filter>
    </ClCompile>
    <ClCompile Include="SaveIn.cpp">
      <Filter>Исходные файлы</Filter>
    </ClCompile>
    <ClCompile Include="ImportFrom.cpp">
      <Filter>Исходные файлы</Filter>
    </ClCompile>
    <ClCompile Include="SaveInBinary.cpp">
      <Filter>Исходные файлы</Filter>
    </ClCompile>
    <ClCompile Include="SaveInText.cpp">
      <Filter>Исходные файлы</Filter>
    </ClCompile>
    <ClCompile Include="CFileHendler.cpp">
      <Filter>Исходные файлы</Filter>
    </ClCompile>
    <ClCompile Include="ImportFromText.cpp">
      <Filter>Исходные файлы</Filter>
    </ClCompile>
    <ClCompile Include="ImportFromBinary.cpp">
      <Filter>Исходные файлы</Filter>
    </ClCompile>
    <ClCompile Include="CBuilder.cpp">
      <Filter>Исходные файлы</Filter>
    </ClCompile>
    <ClCompile Include="CCircleBuilder.cpp">
      <Filter>Исходные файлы</Filter>
    </ClCompile>
    <ClCompile Include="CTriangleBuilder.cpp">
      <Filter>Исходные файлы</Filter>
    </ClCompile>
    <ClCompile Include="CRectangleBuilder.cpp">
      <Filter>Исходные файлы</Filter>
    </ClCompile>
    <ClCompile Include="CCompositeBuilder.cpp">
      <Filter>Исходные файлы</Filter>
    </ClCompile>
    <ClCompile Include="CShapeBuilderCreator.cpp">
      <Filter>Исходные файлы</Filter>
    </ClCompile>
  </ItemGroup>
  <ItemGroup>
    <ClInclude Include="CShapeDecorator.h">
      <Filter>Исходные файлы</Filter>
    </ClInclude>
    <ClInclude Include="CHendler.h">
      <Filter>Исходные файлы</Filter>
    </ClInclude>
    <ClInclude Include="CTriangle.h">
      <Filter>Исходные файлы</Filter>
    </ClInclude>
    <ClInclude Include="CCircle.h">
      <Filter>Исходные файлы</Filter>
    </ClInclude>
    <ClInclude Include="CRectangle.h">
      <Filter>Исходные файлы</Filter>
    </ClInclude>
    <ClInclude Include="CShapeCreator.h">
      <Filter>Файлы заголовков</Filter>
    </ClInclude>
    <ClInclude Include="CircleCreator.h">
      <Filter>Файлы заголовков</Filter>
    </ClInclude>
    <ClInclude Include="RectangleCreator.h">
      <Filter>Файлы заголовков</Filter>
    </ClInclude>
    <ClInclude Include="TriangleCreator.h">
      <Filter>Файлы заголовков</Filter>
    </ClInclude>
    <ClInclude Include="CShapeComposite.h">
      <Filter>Файлы заголовков</Filter>
    </ClInclude>
    <ClInclude Include="const.h">
      <Filter>Исходные файлы</Filter>
    </ClInclude>
    <ClInclude Include="CSingleShapeDecorator.h">
      <Filter>Исходные файлы</Filter>
    </ClInclude>
    <ClInclude Include="CButton.h">
      <Filter>Исходные файлы</Filter>
    </ClInclude>
    <ClInclude Include="CCreateCircleCommand.h">
      <Filter>Исходные файлы</Filter>
    </ClInclude>
    <ClInclude Include="IState.h">
      <Filter>Исходные файлы</Filter>
    </ClInclude>
    <ClInclude Include="ICommand.h">
      <Filter>Исходные файлы</Filter>
    </ClInclude>
    <ClInclude Include="CUserInterface.h">
      <Filter>Исходные файлы</Filter>
    </ClInclude>
    <ClInclude Include="CShapeHendler.h">
      <Filter>Исходные файлы</Filter>
    </ClInclude>
    <ClInclude Include="CCreateRectangleCommand.h">
      <Filter>Исходные файлы</Filter>
    </ClInclude>
    <ClInclude Include="CCreateTriangleCommand.h">
      <Filter>Исходные файлы</Filter>
    </ClInclude>
    <ClInclude Include="CDragAndDropCommand.h">
      <Filter>Исходные файлы</Filter>
    </ClInclude>
    <ClInclude Include="CDragAndDropState.h">
      <Filter>Исходные файлы</Filter>
    </ClInclude>
    <ClInclude Include="CFillBorderCommand.h">
      <Filter>Исходные файлы</Filter>
    </ClInclude>
    <ClInclude Include="CFillBorderState.h">
      <Filter>Исходные файлы</Filter>
    </ClInclude>
    <ClInclude Include="CFillShapeCommand.h">
      <Filter>Исходные файлы</Filter>
    </ClInclude>
    <ClInclude Include="CFillShapeState.h">
      <Filter>Исходные файлы</Filter>
    </ClInclude>
    <ClInclude Include="CSetCurrentWidthCommand.h">
      <Filter>Исходные файлы</Filter>
    </ClInclude>
    <ClInclude Include="CSetCurrentColorCommand.h">
      <Filter>Исходные файлы</Filter>
    </ClInclude>
    <ClInclude Include="CWidthBorderCommand.h">
      <Filter>Исходные файлы</Filter>
    </ClInclude>
    <ClInclude Include="CWidthBorderState.h">
      <Filter>Исходные файлы</Filter>
    </ClInclude>
    <ClInclude Include="CFillBorderVisitor.h">
      <Filter>Исходные файлы</Filter>
    </ClInclude>
    <ClInclude Include="CFillShapeVisitor.h">
      <Filter>Исходные файлы</Filter>
    </ClInclude>
    <ClInclude Include="IVisitor.h">
      <Filter>Исходные файлы</Filter>
    </ClInclude>
    <ClInclude Include="CWidthBorderVisitor.h">
      <Filter>Исходные файлы</Filter>
    </ClInclude>
    <ClInclude Include="IShapeMemento.h">
      <Filter>Исходные файлы</Filter>
    </ClInclude>
    <ClInclude Include="SaveIn.h">
      <Filter>Исходные файлы</Filter>
    </ClInclude>
    <ClInclude Include="ImportFrom.h">
      <Filter>Исходные файлы</Filter>
    </ClInclude>
    <ClInclude Include="SaveInBinary.h">
      <Filter>Исходные файлы</Filter>
    </ClInclude>
    <ClInclude Include="SaveInText.h">
      <Filter>Исходные файлы</Filter>
    </ClInclude>
    <ClInclude Include="CFileHendler.h">
      <Filter>Исходные файлы</Filter>
    </ClInclude>
    <ClInclude Include="ImportFromText.h">
      <Filter>Исходные файлы</Filter>
    </ClInclude>
    <ClInclude Include="ImportFromBinary.h">
      <Filter>Исходные файлы</Filter>
    </ClInclude>
    <ClInclude Include="CBuilder.h">
      <Filter>Исходные файлы</Filter>
    </ClInclude>
    <ClInclude Include="CCircleBuilder.h">
      <Filter>Исходные файлы</Filter>
    </ClInclude>
    <ClInclude Include="CTriangleBuilder.h">
      <Filter>Исходные файлы</Filter>
    </ClInclude>
    <ClInclude Include="CRectangleBuilder.h">
      <Filter>Исходные файлы</Filter>
    </ClInclude>
    <ClInclude Include="CCompositeBuilder.h">
      <Filter>Исходные файлы</Filter>
    </ClInclude>
    <ClInclude Include="CShapeBuilderCreator.h">
      <Filter>Исходные файлы</Filter>
    </ClInclude>
  </ItemGroup>
  <ItemGroup>
    <Text Include="input.txt">
      <Filter>Исходные файлы</Filter>
    </Text>
  </ItemGroup>
</Project>